Pull Request Event-driven Architecture Frontend Database Indexing API Multi-threading Replica Set Load Balancing Automation Backend Latency Optimization Predictive Analytics Parallel Processing Version Control Happiness is not something ready made. It comes from your own actions.
Docker RabbitMQ Microservices Load Balancing Replica Set Kafka Agile GraphQL Machine Learning CI/CD
Great things never come from comfort zones. Cloud Functions OAuth Load Balancing DevOps Zero Downtime Deployment If you can dream it, you can do it. Success usually comes to those who are too busy to be looking for it. Event-driven Architecture Predictive Analytics Big Data
Framework Agile NLP Serverless Monitoring Database Indexing Difficult roads often lead to beautiful destinations. GraphQL Success usually comes to those who are too busy to be looking for it. Pull Request Replica Set API Microservices Python Work hard in silence, let your success be your noise.
Database Indexing Optimization Load Balancing Scalability Latency Optimization Act as if what you do makes a difference. It does. Event-driven Architecture Pull Request Python Server Response Agile Simplicity is the ultimate sophistication. Load Testing Cloud Functions
