Pull Request Event-driven Architecture Frontend Database Indexing API Multi-threading Replica Set Load Balancing Automation Backend Latency Optimization Predictive Analytics Parallel Processing Version Control Happiness is not something ready made. It comes from your own actions.
Docker RabbitMQ Microservices Load Balancing Replica Set Kafka Agile GraphQL Machine Learning CI/CD
Great things never come from comfort zones. Cloud Functions OAuth Load Balancing DevOps Zero Downtime Deployment If you can dream it, you can do it. Success usually comes to those who are too busy to be looking for it. Event-driven Architecture Predictive Analytics Big Data
Framework Agile NLP Serverless Monitoring Database Indexing Difficult roads often lead to beautiful destinations. GraphQL Success usually comes to those who are too busy to be looking for it. Pull Request Replica Set API Microservices Python Work hard in silence, let your success be your noise.
Database Indexing Optimization Load Balancing Scalability Latency Optimization Act as if what you do makes a difference. It does. Event-driven Architecture Pull Request Python Server Response Agile Simplicity is the ultimate sophistication. Load Testing Cloud Functions
Firewalls Edge Computing Distributed Systems Optimization Serverless CI/CD Monitoring I find that the harder I work, the more luck I seem to have. Scalability Event-driven Architecture To be the best, you must be able to handle the worst. API
Serverless Multi-threading Algorithm Optimization Database Load Balancing Microservices Edge Computing
RabbitMQ Scalability UX Optimization API Gateway Agile Zero Downtime Deployment Data Science Blockchain Cache Invalidation Great things never come from comfort zones. Big Data
Innovation distinguishes between a leader and a follower. Microservices Opportunities don't happen. You create them. Docker Event-driven Architecture Database Indexing UX Optimization
Latency Optimization Logging Framework Distributed Systems If you can dream it, you can do it. Sharding NLP Message Queue Zero Downtime Deployment Monitoring
If you can dream it, you can do it. Framework Server Response Logging Testing Machine Learning Multi-threading Kafka Optimization Work hard in silence, let your success be your noise. Success is how high you bounce when you hit bottom. Containerization
Server Response Stay hungry, stay foolish. Kubernetes Database Indexing Opportunities don't happen. You create them. Microservices Testing Quantum Computing DevOps Cache Invalidation Great things never come from comfort zones. Success is not in what you have, but who you are. Framework Event Sourcing
DevOps Optimization Lambda Functions Parallel Processing Pull Request Python JavaScript Automation Monitoring
Performance React Machine Learning Serverless Work hard in silence, let your success be your noise. Simplicity is the ultimate sophistication. The only way to do great work is to love what you do. Containerization
Difficult roads often lead to beautiful destinations. Success usually comes to those who are too busy to be looking for it. Great things never come from comfort zones. Optimization API Replica Set React Python
Scalability Kafka JavaScript Dream big and dare to fail. Edge Computing Agile Do what you love and the money will follow. WebSockets Distributed Systems Logging Sharding
Database Indexing Success doesn’t just find you. You have to go out and get it. Dream big and dare to fail. RabbitMQ Agile API Gateway Replica Set
Frontend Edge Computing Success is not in what you have, but who you are. Data Science Optimization Event-driven Architecture Microservices Content Delivery Network IoT Firewalls
Machine Learning Kafka Event-driven Architecture Success is not in what you have, but who you are. Version Control UX Optimization WebSockets Lambda Functions
Blockchain Logging Kubernetes Happiness is not something ready made. It comes from your own actions. Container Orchestration Dream big and dare to fail. UX Optimization Automation DevOps
If you can dream it, you can do it. Cache Invalidation Edge Computing Success is not in what you have, but who you are. Database Database Indexing Kafka Load Balancing Data Science CI/CD Automation Cloud Functions JWT Sharding Version Control
Monitoring To be the best, you must be able to handle the worst. Pull Request Code Review GraphQL Big Data Quantum Computing A/B Testing JavaScript Replica Set Kubernetes
Edge Computing Don't be afraid to give up the good to go for the great. Success is not in what you have, but who you are. Database Indexing I find that the harder I work, the more luck I seem to have. Stay hungry, stay foolish.
Pull Request Work hard in silence, let your success be your noise. Success usually comes to those who are too busy to be looking for it. Dream big and dare to fail. Frontend
Neural Networks UX Optimization Automation Database Indexing Sharding Event Sourcing NLP Code Review Stay hungry, stay foolish. Firewalls Edge Computing The only way to do great work is to love what you do. Multi-threading To be the best, you must be able to handle the worst.
